
Microsoft Visual Studio Solution File, Format Version 12.00
# Visual Studio 15
VisualStudioVersion = 15.0.26124.0
MinimumVisualStudioVersion = 15.0.26124.0
Project("{2150E333-8FDC-42A3-9474-1A3956D46DE8}") = "src", "src", "{D8A1E1F3-F2E0-40EE-8183-50D05FA65A00}"
EndProject
Project("{FAE04EC0-301F-11D3-BF4B-00C04F79EFBC}") = "Microscope.Web.Blazor", "src\Microscope.Web.Blazor\Microscope.Web.Blazor.csproj", "{20E3DA9B-40A5-4E2E-9411-945DF920F242}"
EndProject
Project("{FAE04EC0-301F-11D3-BF4B-00C04F79EFBC}") = "Microscope.Api", "src\Microscope.Api\Microscope.Api.csproj", "{049279C8-4264-421E-88F4-0423F6F38CF4}"
EndProject
Project("{FAE04EC0-301F-11D3-BF4B-00C04F79EFBC}") = "Microscope.Infrastructure", "src\Microscope.Infrastructure\Microscope.Infrastructure.csproj", "{58A101B3-4B3A-4F68-949E-1805B7C66227}"
EndProject
Project("{FAE04EC0-301F-11D3-BF4B-00C04F79EFBC}") = "Microscope.Hasura", "src\Microscope.Hasura\Microscope.Hasura.csproj", "{C3AD68B2-EFFF-49FE-8EAD-5BE054E4938C}"
EndProject
Project("{FAE04EC0-301F-11D3-BF4B-00C04F79EFBC}") = "Microscope.Domain", "src\Microscope.Domain\Microscope.Domain.csproj", "{76020C30-50B3-461E-A545-3CD6DBF0A805}"
EndProject
Project("{FAE04EC0-301F-11D3-BF4B-00C04F79EFBC}") = "Microscope.SDK.Dotnet", "src\Microscope.SDK.Dotnet\Microscope.SDK.Dotnet.csproj", "{19F6C164-B74A-4A37-82C0-7F7D0F6435B6}"
EndProject
Project("{FAE04EC0-301F-11D3-BF4B-00C04F79EFBC}") = "Microscope.Application", "src\Microscope.Application\Microscope.Application.csproj", "{06E6DEE9-700E-4613-9D72-CAB7F8F85F93}"
EndProject
Project("{FAE04EC0-301F-11D3-BF4B-00C04F79EFBC}") = "Microscope.Features", "src\Microscope.Features\Microscope.Features.csproj", "{8175DCBB-D80F-4650-984F-3CF6196CFEFE}"
EndProject
Project("{2150E333-8FDC-42A3-9474-1A3956D46DE8}") = "Interface", "Interface", "{50E00150-A487-11EB-909C-CBDD6692D3DF}"
EndProject
Project("{2150E333-8FDC-42A3-9474-1A3956D46DE8}") = "Application", "Application", "{63843100-A487-11EB-909C-CBDD6692D3DF}"
EndProject
Project("{2150E333-8FDC-42A3-9474-1A3956D46DE8}") = "Domain", "Domain", "{743DF5D0-A487-11EB-909C-CBDD6692D3DF}"
EndProject
Project("{2150E333-8FDC-42A3-9474-1A3956D46DE8}") = "Infrastructure", "Infrastructure", "{7DE87A60-A487-11EB-909C-CBDD6692D3DF}"
EndProject
Project("{2150E333-8FDC-42A3-9474-1A3956D46DE8}") = "Core", "Core", "{5649BC10-AD94-11EB-8D74-33D8134FB7C4}"
EndProject
Project("{2150E333-8FDC-42A3-9474-1A3956D46DE8}") = "Clients", "Clients", "{3BE7CDE0-B11C-11EB-A17A-259604E2C28D}"
EndProject
Project("{2150E333-8FDC-42A3-9474-1A3956D46DE8}") = "Apis", "Apis", "{405FE880-B11C-11EB-A17A-259604E2C28D}"
EndProject
Project("{2150E333-8FDC-42A3-9474-1A3956D46DE8}") = "SDK", "SDK", "{84D53CD0-B1E0-11EB-A17A-259604E2C28D}"
EndProject
Project("{2150E333-8FDC-42A3-9474-1A3956D46DE8}") = "Services", "Services", "{3C49F76D-1C75-4B51-9CB9-05FE500BA9B9}"
EndProject
Project("{2150E333-8FDC-42A3-9474-1A3956D46DE8}") = "BuildingBlocks", "BuildingBlocks", "{60C50BAD-6782-4E57-89DC-76C6573FF855}"
EndProject
Project("{2150E333-8FDC-42A3-9474-1A3956D46DE8}") = "Web", "Web", "{BA314C1F-EF58-4E85-888B-CC6A976851C5}"
EndProject
Global
	GlobalSection(SolutionConfigurationPlatforms) = preSolution
		Debug|Any CPU = Debug|Any CPU
		Debug|x64 = Debug|x64
		Debug|x86 = Debug|x86
		Release|Any CPU = Release|Any CPU
		Release|x64 = Release|x64
		Release|x86 = Release|x86
	EndGlobalSection
	GlobalSection(SolutionProperties) = preSolution
		HideSolutionNode = FALSE
	EndGlobalSection
	GlobalSection(ProjectConfigurationPlatforms) = postSolution
		{20E3DA9B-40A5-4E2E-9411-945DF920F242}.Debug|Any CPU.ActiveCfg = Debug|Any CPU
		{20E3DA9B-40A5-4E2E-9411-945DF920F242}.Debug|Any CPU.Build.0 = Debug|Any CPU
		{20E3DA9B-40A5-4E2E-9411-945DF920F242}.Debug|x64.ActiveCfg = Debug|Any CPU
		{20E3DA9B-40A5-4E2E-9411-945DF920F242}.Debug|x64.Build.0 = Debug|Any CPU
		{20E3DA9B-40A5-4E2E-9411-945DF920F242}.Debug|x86.ActiveCfg = Debug|Any CPU
		{20E3DA9B-40A5-4E2E-9411-945DF920F242}.Debug|x86.Build.0 = Debug|Any CPU
		{20E3DA9B-40A5-4E2E-9411-945DF920F242}.Release|Any CPU.ActiveCfg = Release|Any CPU
		{20E3DA9B-40A5-4E2E-9411-945DF920F242}.Release|Any CPU.Build.0 = Release|Any CPU
		{20E3DA9B-40A5-4E2E-9411-945DF920F242}.Release|x64.ActiveCfg = Release|Any CPU
		{20E3DA9B-40A5-4E2E-9411-945DF920F242}.Release|x64.Build.0 = Release|Any CPU
		{20E3DA9B-40A5-4E2E-9411-945DF920F242}.Release|x86.ActiveCfg = Release|Any CPU
		{20E3DA9B-40A5-4E2E-9411-945DF920F242}.Release|x86.Build.0 = Release|Any CPU
		{049279C8-4264-421E-88F4-0423F6F38CF4}.Debug|Any CPU.ActiveCfg = Debug|Any CPU
		{049279C8-4264-421E-88F4-0423F6F38CF4}.Debug|Any CPU.Build.0 = Debug|Any CPU
		{049279C8-4264-421E-88F4-0423F6F38CF4}.Debug|x64.ActiveCfg = Debug|Any CPU
		{049279C8-4264-421E-88F4-0423F6F38CF4}.Debug|x64.Build.0 = Debug|Any CPU
		{049279C8-4264-421E-88F4-0423F6F38CF4}.Debug|x86.ActiveCfg = Debug|Any CPU
		{049279C8-4264-421E-88F4-0423F6F38CF4}.Debug|x86.Build.0 = Debug|Any CPU
		{049279C8-4264-421E-88F4-0423F6F38CF4}.Release|Any CPU.ActiveCfg = Release|Any CPU
		{049279C8-4264-421E-88F4-0423F6F38CF4}.Release|Any CPU.Build.0 = Release|Any CPU
		{049279C8-4264-421E-88F4-0423F6F38CF4}.Release|x64.ActiveCfg = Release|Any CPU
		{049279C8-4264-421E-88F4-0423F6F38CF4}.Release|x64.Build.0 = Release|Any CPU
		{049279C8-4264-421E-88F4-0423F6F38CF4}.Release|x86.ActiveCfg = Release|Any CPU
		{049279C8-4264-421E-88F4-0423F6F38CF4}.Release|x86.Build.0 = Release|Any CPU
		{58A101B3-4B3A-4F68-949E-1805B7C66227}.Debug|Any CPU.ActiveCfg = Debug|Any CPU
		{58A101B3-4B3A-4F68-949E-1805B7C66227}.Debug|Any CPU.Build.0 = Debug|Any CPU
		{58A101B3-4B3A-4F68-949E-1805B7C66227}.Debug|x64.ActiveCfg = Debug|Any CPU
		{58A101B3-4B3A-4F68-949E-1805B7C66227}.Debug|x64.Build.0 = Debug|Any CPU
		{58A101B3-4B3A-4F68-949E-1805B7C66227}.Debug|x86.ActiveCfg = Debug|Any CPU
		{58A101B3-4B3A-4F68-949E-1805B7C66227}.Debug|x86.Build.0 = Debug|Any CPU
		{58A101B3-4B3A-4F68-949E-1805B7C66227}.Release|Any CPU.ActiveCfg = Release|Any CPU
		{58A101B3-4B3A-4F68-949E-1805B7C66227}.Release|Any CPU.Build.0 = Release|Any CPU
		{58A101B3-4B3A-4F68-949E-1805B7C66227}.Release|x64.ActiveCfg = Release|Any CPU
		{58A101B3-4B3A-4F68-949E-1805B7C66227}.Release|x64.Build.0 = Release|Any CPU
		{58A101B3-4B3A-4F68-949E-1805B7C66227}.Release|x86.ActiveCfg = Release|Any CPU
		{58A101B3-4B3A-4F68-949E-1805B7C66227}.Release|x86.Build.0 = Release|Any CPU
		{C3AD68B2-EFFF-49FE-8EAD-5BE054E4938C}.Debug|Any CPU.ActiveCfg = Debug|Any CPU
		{C3AD68B2-EFFF-49FE-8EAD-5BE054E4938C}.Debug|Any CPU.Build.0 = Debug|Any CPU
		{C3AD68B2-EFFF-49FE-8EAD-5BE054E4938C}.Debug|x64.ActiveCfg = Debug|Any CPU
		{C3AD68B2-EFFF-49FE-8EAD-5BE054E4938C}.Debug|x64.Build.0 = Debug|Any CPU
		{C3AD68B2-EFFF-49FE-8EAD-5BE054E4938C}.Debug|x86.ActiveCfg = Debug|Any CPU
		{C3AD68B2-EFFF-49FE-8EAD-5BE054E4938C}.Debug|x86.Build.0 = Debug|Any CPU
		{C3AD68B2-EFFF-49FE-8EAD-5BE054E4938C}.Release|Any CPU.ActiveCfg = Release|Any CPU
		{C3AD68B2-EFFF-49FE-8EAD-5BE054E4938C}.Release|Any CPU.Build.0 = Release|Any CPU
		{C3AD68B2-EFFF-49FE-8EAD-5BE054E4938C}.Release|x64.ActiveCfg = Release|Any CPU
		{C3AD68B2-EFFF-49FE-8EAD-5BE054E4938C}.Release|x64.Build.0 = Release|Any CPU
		{C3AD68B2-EFFF-49FE-8EAD-5BE054E4938C}.Release|x86.ActiveCfg = Release|Any CPU
		{C3AD68B2-EFFF-49FE-8EAD-5BE054E4938C}.Release|x86.Build.0 = Release|Any CPU
		{76020C30-50B3-461E-A545-3CD6DBF0A805}.Debug|Any CPU.ActiveCfg = Debug|Any CPU
		{76020C30-50B3-461E-A545-3CD6DBF0A805}.Debug|Any CPU.Build.0 = Debug|Any CPU
		{76020C30-50B3-461E-A545-3CD6DBF0A805}.Debug|x64.ActiveCfg = Debug|Any CPU
		{76020C30-50B3-461E-A545-3CD6DBF0A805}.Debug|x64.Build.0 = Debug|Any CPU
		{76020C30-50B3-461E-A545-3CD6DBF0A805}.Debug|x86.ActiveCfg = Debug|Any CPU
		{76020C30-50B3-461E-A545-3CD6DBF0A805}.Debug|x86.Build.0 = Debug|Any CPU
		{76020C30-50B3-461E-A545-3CD6DBF0A805}.Release|Any CPU.ActiveCfg = Release|Any CPU
		{76020C30-50B3-461E-A545-3CD6DBF0A805}.Release|Any CPU.Build.0 = Release|Any CPU
		{76020C30-50B3-461E-A545-3CD6DBF0A805}.Release|x64.ActiveCfg = Release|Any CPU
		{76020C30-50B3-461E-A545-3CD6DBF0A805}.Release|x64.Build.0 = Release|Any CPU
		{76020C30-50B3-461E-A545-3CD6DBF0A805}.Release|x86.ActiveCfg = Release|Any CPU
		{76020C30-50B3-461E-A545-3CD6DBF0A805}.Release|x86.Build.0 = Release|Any CPU
		{19F6C164-B74A-4A37-82C0-7F7D0F6435B6}.Debug|Any CPU.ActiveCfg = Debug|Any CPU
		{19F6C164-B74A-4A37-82C0-7F7D0F6435B6}.Debug|Any CPU.Build.0 = Debug|Any CPU
		{19F6C164-B74A-4A37-82C0-7F7D0F6435B6}.Debug|x64.ActiveCfg = Debug|Any CPU
		{19F6C164-B74A-4A37-82C0-7F7D0F6435B6}.Debug|x64.Build.0 = Debug|Any CPU
		{19F6C164-B74A-4A37-82C0-7F7D0F6435B6}.Debug|x86.ActiveCfg = Debug|Any CPU
		{19F6C164-B74A-4A37-82C0-7F7D0F6435B6}.Debug|x86.Build.0 = Debug|Any CPU
		{19F6C164-B74A-4A37-82C0-7F7D0F6435B6}.Release|Any CPU.ActiveCfg = Release|Any CPU
		{19F6C164-B74A-4A37-82C0-7F7D0F6435B6}.Release|Any CPU.Build.0 = Release|Any CPU
		{19F6C164-B74A-4A37-82C0-7F7D0F6435B6}.Release|x64.ActiveCfg = Release|Any CPU
		{19F6C164-B74A-4A37-82C0-7F7D0F6435B6}.Release|x64.Build.0 = Release|Any CPU
		{19F6C164-B74A-4A37-82C0-7F7D0F6435B6}.Release|x86.ActiveCfg = Release|Any CPU
		{19F6C164-B74A-4A37-82C0-7F7D0F6435B6}.Release|x86.Build.0 = Release|Any CPU
		{06E6DEE9-700E-4613-9D72-CAB7F8F85F93}.Debug|Any CPU.ActiveCfg = Debug|Any CPU
		{06E6DEE9-700E-4613-9D72-CAB7F8F85F93}.Debug|Any CPU.Build.0 = Debug|Any CPU
		{06E6DEE9-700E-4613-9D72-CAB7F8F85F93}.Debug|x64.ActiveCfg = Debug|Any CPU
		{06E6DEE9-700E-4613-9D72-CAB7F8F85F93}.Debug|x64.Build.0 = Debug|Any CPU
		{06E6DEE9-700E-4613-9D72-CAB7F8F85F93}.Debug|x86.ActiveCfg = Debug|Any CPU
		{06E6DEE9-700E-4613-9D72-CAB7F8F85F93}.Debug|x86.Build.0 = Debug|Any CPU
		{06E6DEE9-700E-4613-9D72-CAB7F8F85F93}.Release|Any CPU.ActiveCfg = Release|Any CPU
		{06E6DEE9-700E-4613-9D72-CAB7F8F85F93}.Release|Any CPU.Build.0 = Release|Any CPU
		{06E6DEE9-700E-4613-9D72-CAB7F8F85F93}.Release|x64.ActiveCfg = Release|Any CPU
		{06E6DEE9-700E-4613-9D72-CAB7F8F85F93}.Release|x64.Build.0 = Release|Any CPU
		{06E6DEE9-700E-4613-9D72-CAB7F8F85F93}.Release|x86.ActiveCfg = Release|Any CPU
		{06E6DEE9-700E-4613-9D72-CAB7F8F85F93}.Release|x86.Build.0 = Release|Any CPU
		{8175DCBB-D80F-4650-984F-3CF6196CFEFE}.Debug|Any CPU.ActiveCfg = Debug|Any CPU
		{8175DCBB-D80F-4650-984F-3CF6196CFEFE}.Debug|Any CPU.Build.0 = Debug|Any CPU
		{8175DCBB-D80F-4650-984F-3CF6196CFEFE}.Debug|x64.ActiveCfg = Debug|Any CPU
		{8175DCBB-D80F-4650-984F-3CF6196CFEFE}.Debug|x64.Build.0 = Debug|Any CPU
		{8175DCBB-D80F-4650-984F-3CF6196CFEFE}.Debug|x86.ActiveCfg = Debug|Any CPU
		{8175DCBB-D80F-4650-984F-3CF6196CFEFE}.Debug|x86.Build.0 = Debug|Any CPU
		{8175DCBB-D80F-4650-984F-3CF6196CFEFE}.Release|Any CPU.ActiveCfg = Release|Any CPU
		{8175DCBB-D80F-4650-984F-3CF6196CFEFE}.Release|Any CPU.Build.0 = Release|Any CPU
		{8175DCBB-D80F-4650-984F-3CF6196CFEFE}.Release|x64.ActiveCfg = Release|Any CPU
		{8175DCBB-D80F-4650-984F-3CF6196CFEFE}.Release|x64.Build.0 = Release|Any CPU
		{8175DCBB-D80F-4650-984F-3CF6196CFEFE}.Release|x86.ActiveCfg = Release|Any CPU
		{8175DCBB-D80F-4650-984F-3CF6196CFEFE}.Release|x86.Build.0 = Release|Any CPU
	EndGlobalSection
	GlobalSection(NestedProjects) = preSolution
		{405FE880-B11C-11EB-A17A-259604E2C28D} = {50E00150-A487-11EB-909C-CBDD6692D3DF}
		{743DF5D0-A487-11EB-909C-CBDD6692D3DF} = {5649BC10-AD94-11EB-8D74-33D8134FB7C4}
		{63843100-A487-11EB-909C-CBDD6692D3DF} = {5649BC10-AD94-11EB-8D74-33D8134FB7C4}
		{049279C8-4264-421E-88F4-0423F6F38CF4} = {405FE880-B11C-11EB-A17A-259604E2C28D}
		{58A101B3-4B3A-4F68-949E-1805B7C66227} = {7DE87A60-A487-11EB-909C-CBDD6692D3DF}
		{C3AD68B2-EFFF-49FE-8EAD-5BE054E4938C} = {7DE87A60-A487-11EB-909C-CBDD6692D3DF}
		{76020C30-50B3-461E-A545-3CD6DBF0A805} = {743DF5D0-A487-11EB-909C-CBDD6692D3DF}
		{19F6C164-B74A-4A37-82C0-7F7D0F6435B6} = {84D53CD0-B1E0-11EB-A17A-259604E2C28D}
		{06E6DEE9-700E-4613-9D72-CAB7F8F85F93} = {63843100-A487-11EB-909C-CBDD6692D3DF}
		{8175DCBB-D80F-4650-984F-3CF6196CFEFE} = {63843100-A487-11EB-909C-CBDD6692D3DF}
		{3C49F76D-1C75-4B51-9CB9-05FE500BA9B9} = {D8A1E1F3-F2E0-40EE-8183-50D05FA65A00}
		{60C50BAD-6782-4E57-89DC-76C6573FF855} = {D8A1E1F3-F2E0-40EE-8183-50D05FA65A00}
		{5649BC10-AD94-11EB-8D74-33D8134FB7C4} = {3C49F76D-1C75-4B51-9CB9-05FE500BA9B9}
		{7DE87A60-A487-11EB-909C-CBDD6692D3DF} = {3C49F76D-1C75-4B51-9CB9-05FE500BA9B9}
		{3BE7CDE0-B11C-11EB-A17A-259604E2C28D} = {D8A1E1F3-F2E0-40EE-8183-50D05FA65A00}
		{50E00150-A487-11EB-909C-CBDD6692D3DF} = {3C49F76D-1C75-4B51-9CB9-05FE500BA9B9}
		{84D53CD0-B1E0-11EB-A17A-259604E2C28D} = {3BE7CDE0-B11C-11EB-A17A-259604E2C28D}
		{BA314C1F-EF58-4E85-888B-CC6A976851C5} = {3BE7CDE0-B11C-11EB-A17A-259604E2C28D}
		{20E3DA9B-40A5-4E2E-9411-945DF920F242} = {BA314C1F-EF58-4E85-888B-CC6A976851C5}
	EndGlobalSection
EndGlobal
